<Solution>
  <Folder Name="/src/">
    <Project Path="src/Words.Core/Words.Core.csproj" />
    <Project Path="src/Words.Windows/Words.Windows.csproj" />
    <Project Path="src/Words.Xbox.Package/Words.Xbox.Package.csproj" />
    <Project Path="src/Words.Xbox/Words.Xbox.csproj" />
  </Folder>
  <Folder Name="/tests/">
    <Project Path="tests/Words.Tests/Words.Tests.csproj" />
  </Folder>
</Solution>
